
Microsoft Visual Studio Solution File, Format Version 12.00
# Visual Studio Version 17
VisualStudioVersion = 17.0.31903.59
MinimumVisualStudioVersion = 10.0.40219.1
Project("{2150E333-8FDC-42A3-9474-1A3956D46DE8}") = "JobMatchService", "JobMatchService", "{134A41EC-65A9-0303-DC3C-41B14C4B2D4C}"
EndProject
Project("{2150E333-8FDC-42A3-9474-1A3956D46DE8}") = "src", "src", "{03183752-E76C-B7F9-4B89-076861742180}"
EndProject
Project("{2150E333-8FDC-42A3-9474-1A3956D46DE8}") = "Api", "Api", "{908E1FD8-72F0-E544-D803-1EA1141B4C46}"
EndProject
Project("{FAE04EC0-301F-11D3-BF4B-00C04F79EFBC}") = "JobMatchService.Api", "JobMatchService\src\Api\JobMatchService.Api.csproj", "{CBCC4656-C3A0-4147-8CD5-B4C0BB04701D}"
EndProject
Project("{2150E333-8FDC-42A3-9474-1A3956D46DE8}") = "Core", "Core", "{64E994DF-74A9-65E1-9149-57AB72054063}"
EndProject
Project("{FAE04EC0-301F-11D3-BF4B-00C04F79EFBC}") = "JobMatchService.Core", "JobMatchService\src\Core\JobMatchService.Core.csproj", "{7F9C7919-A0C7-4846-9296-7BEBCA6619FF}"
EndProject
Project("{2150E333-8FDC-42A3-9474-1A3956D46DE8}") = "Infrastructure", "Infrastructure", "{43A1CC0F-A43B-4AA2-E8AB-C99FB3C82AE5}"
EndProject
Project("{FAE04EC0-301F-11D3-BF4B-00C04F79EFBC}") = "JobMatchService.Infrastructure", "JobMatchService\src\Infrastructure\JobMatchService.Infrastructure.csproj", "{B203F2EA-E8AF-471C-BB60-223B10DCA753}"
EndProject
Project("{2150E333-8FDC-42A3-9474-1A3956D46DE8}") = "ApplicationTracker", "ApplicationTracker", "{A0BE0736-A638-1DFD-CADE-8A0A79E89B0F}"
EndProject
Project("{2150E333-8FDC-42A3-9474-1A3956D46DE8}") = "src", "src", "{63AA9AAB-A656-1CF3-9581-3ACB26B9EF2F}"
EndProject
Project("{2150E333-8FDC-42A3-9474-1A3956D46DE8}") = "Api", "Api", "{68BA53E6-4809-B114-4424-FF122211FC13}"
EndProject
Project("{FAE04EC0-301F-11D3-BF4B-00C04F79EFBC}") = "ApplicationTracker.Api", "ApplicationTracker\src\Api\ApplicationTracker.Api.csproj", "{5FB3B319-9A48-4935-971F-61F2F01595B1}"
EndProject
Project("{2150E333-8FDC-42A3-9474-1A3956D46DE8}") = "Core", "Core", "{9271A3A2-7E00-7326-6CD0-84E8F0DB4082}"
EndProject
Project("{FAE04EC0-301F-11D3-BF4B-00C04F79EFBC}") = "ApplicationTracker.Core", "ApplicationTracker\src\Core\ApplicationTracker.Core.csproj", "{9101BEA1-EC1F-4993-8967-8805B09CB8E3}"
EndProject
Project("{2150E333-8FDC-42A3-9474-1A3956D46DE8}") = "Infrastructure", "Infrastructure", "{32DA9B43-B183-62BA-94C3-C242122C5BAA}"
EndProject
Project("{FAE04EC0-301F-11D3-BF4B-00C04F79EFBC}") = "ApplicationTracker.Infrastructure", "ApplicationTracker\src\Infrastructure\ApplicationTracker.Infrastructure.csproj", "{A50F8A4F-0149-440E-9068-1CBBD85D6878}"
EndProject
Project("{2150E333-8FDC-42A3-9474-1A3956D46DE8}") = "EmailSync", "EmailSync", "{7A4E244E-49DD-CBCA-F1BE-F965FBA7A743}"
EndProject
Project("{FAE04EC0-301F-11D3-BF4B-00C04F79EFBC}") = "ApplicationTracker.EmailSync", "EmailSync\ApplicationTracker.EmailSync.csproj", "{6FBF8149-49CD-4D4E-9A76-003D8551112C}"
EndProject
Global
	GlobalSection(SolutionConfigurationPlatforms) = preSolution
		Debug|Any CPU = Debug|Any CPU
		Debug|x64 = Debug|x64
		Debug|x86 = Debug|x86
		Release|Any CPU = Release|Any CPU
		Release|x64 = Release|x64
		Release|x86 = Release|x86
	EndGlobalSection
	GlobalSection(ProjectConfigurationPlatforms) = postSolution
		{CBCC4656-C3A0-4147-8CD5-B4C0BB04701D}.Debug|Any CPU.ActiveCfg = Debug|Any CPU
		{CBCC4656-C3A0-4147-8CD5-B4C0BB04701D}.Debug|Any CPU.Build.0 = Debug|Any CPU
		{CBCC4656-C3A0-4147-8CD5-B4C0BB04701D}.Debug|x64.ActiveCfg = Debug|Any CPU
		{CBCC4656-C3A0-4147-8CD5-B4C0BB04701D}.Debug|x64.Build.0 = Debug|Any CPU
		{CBCC4656-C3A0-4147-8CD5-B4C0BB04701D}.Debug|x86.ActiveCfg = Debug|Any CPU
		{CBCC4656-C3A0-4147-8CD5-B4C0BB04701D}.Debug|x86.Build.0 = Debug|Any CPU
		{CBCC4656-C3A0-4147-8CD5-B4C0BB04701D}.Release|Any CPU.ActiveCfg = Release|Any CPU
		{CBCC4656-C3A0-4147-8CD5-B4C0BB04701D}.Release|Any CPU.Build.0 = Release|Any CPU
		{CBCC4656-C3A0-4147-8CD5-B4C0BB04701D}.Release|x64.ActiveCfg = Release|Any CPU
		{CBCC4656-C3A0-4147-8CD5-B4C0BB04701D}.Release|x64.Build.0 = Release|Any CPU
		{CBCC4656-C3A0-4147-8CD5-B4C0BB04701D}.Release|x86.ActiveCfg = Release|Any CPU
		{CBCC4656-C3A0-4147-8CD5-B4C0BB04701D}.Release|x86.Build.0 = Release|Any CPU
		{7F9C7919-A0C7-4846-9296-7BEBCA6619FF}.Debug|Any CPU.ActiveCfg = Debug|Any CPU
		{7F9C7919-A0C7-4846-9296-7BEBCA6619FF}.Debug|Any CPU.Build.0 = Debug|Any CPU
		{7F9C7919-A0C7-4846-9296-7BEBCA6619FF}.Debug|x64.ActiveCfg = Debug|Any CPU
		{7F9C7919-A0C7-4846-9296-7BEBCA6619FF}.Debug|x64.Build.0 = Debug|Any CPU
		{7F9C7919-A0C7-4846-9296-7BEBCA6619FF}.Debug|x86.ActiveCfg = Debug|Any CPU
		{7F9C7919-A0C7-4846-9296-7BEBCA6619FF}.Debug|x86.Build.0 = Debug|Any CPU
		{7F9C7919-A0C7-4846-9296-7BEBCA6619FF}.Release|Any CPU.ActiveCfg = Release|Any CPU
		{7F9C7919-A0C7-4846-9296-7BEBCA6619FF}.Release|Any CPU.Build.0 = Release|Any CPU
		{7F9C7919-A0C7-4846-9296-7BEBCA6619FF}.Release|x64.ActiveCfg = Release|Any CPU
		{7F9C7919-A0C7-4846-9296-7BEBCA6619FF}.Release|x64.Build.0 = Release|Any CPU
		{7F9C7919-A0C7-4846-9296-7BEBCA6619FF}.Release|x86.ActiveCfg = Release|Any CPU
		{7F9C7919-A0C7-4846-9296-7BEBCA6619FF}.Release|x86.Build.0 = Release|Any CPU
		{B203F2EA-E8AF-471C-BB60-223B10DCA753}.Debug|Any CPU.ActiveCfg = Debug|Any CPU
		{B203F2EA-E8AF-471C-BB60-223B10DCA753}.Debug|Any CPU.Build.0 = Debug|Any CPU
		{B203F2EA-E8AF-471C-BB60-223B10DCA753}.Debug|x64.ActiveCfg = Debug|Any CPU
		{B203F2EA-E8AF-471C-BB60-223B10DCA753}.Debug|x64.Build.0 = Debug|Any CPU
		{B203F2EA-E8AF-471C-BB60-223B10DCA753}.Debug|x86.ActiveCfg = Debug|Any CPU
		{B203F2EA-E8AF-471C-BB60-223B10DCA753}.Debug|x86.Build.0 = Debug|Any CPU
		{B203F2EA-E8AF-471C-BB60-223B10DCA753}.Release|Any CPU.ActiveCfg = Release|Any CPU
		{B203F2EA-E8AF-471C-BB60-223B10DCA753}.Release|Any CPU.Build.0 = Release|Any CPU
		{B203F2EA-E8AF-471C-BB60-223B10DCA753}.Release|x64.ActiveCfg = Release|Any CPU
		{B203F2EA-E8AF-471C-BB60-223B10DCA753}.Release|x64.Build.0 = Release|Any CPU
		{B203F2EA-E8AF-471C-BB60-223B10DCA753}.Release|x86.ActiveCfg = Release|Any CPU
		{B203F2EA-E8AF-471C-BB60-223B10DCA753}.Release|x86.Build.0 = Release|Any CPU
		{5FB3B319-9A48-4935-971F-61F2F01595B1}.Debug|Any CPU.ActiveCfg = Debug|Any CPU
		{5FB3B319-9A48-4935-971F-61F2F01595B1}.Debug|Any CPU.Build.0 = Debug|Any CPU
		{5FB3B319-9A48-4935-971F-61F2F01595B1}.Debug|x64.ActiveCfg = Debug|Any CPU
		{5FB3B319-9A48-4935-971F-61F2F01595B1}.Debug|x64.Build.0 = Debug|Any CPU
		{5FB3B319-9A48-4935-971F-61F2F01595B1}.Debug|x86.ActiveCfg = Debug|Any CPU
		{5FB3B319-9A48-4935-971F-61F2F01595B1}.Debug|x86.Build.0 = Debug|Any CPU
		{5FB3B319-9A48-4935-971F-61F2F01595B1}.Release|Any CPU.ActiveCfg = Release|Any CPU
		{5FB3B319-9A48-4935-971F-61F2F01595B1}.Release|Any CPU.Build.0 = Release|Any CPU
		{5FB3B319-9A48-4935-971F-61F2F01595B1}.Release|x64.ActiveCfg = Release|Any CPU
		{5FB3B319-9A48-4935-971F-61F2F01595B1}.Release|x64.Build.0 = Release|Any CPU
		{5FB3B319-9A48-4935-971F-61F2F01595B1}.Release|x86.ActiveCfg = Release|Any CPU
		{5FB3B319-9A48-4935-971F-61F2F01595B1}.Release|x86.Build.0 = Release|Any CPU
		{9101BEA1-EC1F-4993-8967-8805B09CB8E3}.Debug|Any CPU.ActiveCfg = Debug|Any CPU
		{9101BEA1-EC1F-4993-8967-8805B09CB8E3}.Debug|Any CPU.Build.0 = Debug|Any CPU
		{9101BEA1-EC1F-4993-8967-8805B09CB8E3}.Debug|x64.ActiveCfg = Debug|Any CPU
		{9101BEA1-EC1F-4993-8967-8805B09CB8E3}.Debug|x64.Build.0 = Debug|Any CPU
		{9101BEA1-EC1F-4993-8967-8805B09CB8E3}.Debug|x86.ActiveCfg = Debug|Any CPU
		{9101BEA1-EC1F-4993-8967-8805B09CB8E3}.Debug|x86.Build.0 = Debug|Any CPU
		{9101BEA1-EC1F-4993-8967-8805B09CB8E3}.Release|Any CPU.ActiveCfg = Release|Any CPU
		{9101BEA1-EC1F-4993-8967-8805B09CB8E3}.Release|Any CPU.Build.0 = Release|Any CPU
		{9101BEA1-EC1F-4993-8967-8805B09CB8E3}.Release|x64.ActiveCfg = Release|Any CPU
		{9101BEA1-EC1F-4993-8967-8805B09CB8E3}.Release|x64.Build.0 = Release|Any CPU
		{9101BEA1-EC1F-4993-8967-8805B09CB8E3}.Release|x86.ActiveCfg = Release|Any CPU
		{9101BEA1-EC1F-4993-8967-8805B09CB8E3}.Release|x86.Build.0 = Release|Any CPU
		{A50F8A4F-0149-440E-9068-1CBBD85D6878}.Debug|Any CPU.ActiveCfg = Debug|Any CPU
		{A50F8A4F-0149-440E-9068-1CBBD85D6878}.Debug|Any CPU.Build.0 = Debug|Any CPU
		{A50F8A4F-0149-440E-9068-1CBBD85D6878}.Debug|x64.ActiveCfg = Debug|Any CPU
		{A50F8A4F-0149-440E-9068-1CBBD85D6878}.Debug|x64.Build.0 = Debug|Any CPU
		{A50F8A4F-0149-440E-9068-1CBBD85D6878}.Debug|x86.ActiveCfg = Debug|Any CPU
		{A50F8A4F-0149-440E-9068-1CBBD85D6878}.Debug|x86.Build.0 = Debug|Any CPU
		{A50F8A4F-0149-440E-9068-1CBBD85D6878}.Release|Any CPU.ActiveCfg = Release|Any CPU
		{A50F8A4F-0149-440E-9068-1CBBD85D6878}.Release|Any CPU.Build.0 = Release|Any CPU
		{A50F8A4F-0149-440E-9068-1CBBD85D6878}.Release|x64.ActiveCfg = Release|Any CPU
		{A50F8A4F-0149-440E-9068-1CBBD85D6878}.Release|x64.Build.0 = Release|Any CPU
		{A50F8A4F-0149-440E-9068-1CBBD85D6878}.Release|x86.ActiveCfg = Release|Any CPU
		{A50F8A4F-0149-440E-9068-1CBBD85D6878}.Release|x86.Build.0 = Release|Any CPU
		{6FBF8149-49CD-4D4E-9A76-003D8551112C}.Debug|Any CPU.ActiveCfg = Debug|Any CPU
		{6FBF8149-49CD-4D4E-9A76-003D8551112C}.Debug|Any CPU.Build.0 = Debug|Any CPU
		{6FBF8149-49CD-4D4E-9A76-003D8551112C}.Debug|x64.ActiveCfg = Debug|Any CPU
		{6FBF8149-49CD-4D4E-9A76-003D8551112C}.Debug|x64.Build.0 = Debug|Any CPU
		{6FBF8149-49CD-4D4E-9A76-003D8551112C}.Debug|x86.ActiveCfg = Debug|Any CPU
		{6FBF8149-49CD-4D4E-9A76-003D8551112C}.Debug|x86.Build.0 = Debug|Any CPU
		{6FBF8149-49CD-4D4E-9A76-003D8551112C}.Release|Any CPU.ActiveCfg = Release|Any CPU
		{6FBF8149-49CD-4D4E-9A76-003D8551112C}.Release|Any CPU.Build.0 = Release|Any CPU
		{6FBF8149-49CD-4D4E-9A76-003D8551112C}.Release|x64.ActiveCfg = Release|Any CPU
		{6FBF8149-49CD-4D4E-9A76-003D8551112C}.Release|x64.Build.0 = Release|Any CPU
		{6FBF8149-49CD-4D4E-9A76-003D8551112C}.Release|x86.ActiveCfg = Release|Any CPU
		{6FBF8149-49CD-4D4E-9A76-003D8551112C}.Release|x86.Build.0 = Release|Any CPU
	EndGlobalSection
	GlobalSection(SolutionProperties) = preSolution
		HideSolutionNode = FALSE
	EndGlobalSection
	GlobalSection(NestedProjects) = preSolution
		{03183752-E76C-B7F9-4B89-076861742180} = {134A41EC-65A9-0303-DC3C-41B14C4B2D4C}
		{908E1FD8-72F0-E544-D803-1EA1141B4C46} = {03183752-E76C-B7F9-4B89-076861742180}
		{CBCC4656-C3A0-4147-8CD5-B4C0BB04701D} = {908E1FD8-72F0-E544-D803-1EA1141B4C46}
		{64E994DF-74A9-65E1-9149-57AB72054063} = {03183752-E76C-B7F9-4B89-076861742180}
		{7F9C7919-A0C7-4846-9296-7BEBCA6619FF} = {64E994DF-74A9-65E1-9149-57AB72054063}
		{43A1CC0F-A43B-4AA2-E8AB-C99FB3C82AE5} = {03183752-E76C-B7F9-4B89-076861742180}
		{B203F2EA-E8AF-471C-BB60-223B10DCA753} = {43A1CC0F-A43B-4AA2-E8AB-C99FB3C82AE5}
		{63AA9AAB-A656-1CF3-9581-3ACB26B9EF2F} = {A0BE0736-A638-1DFD-CADE-8A0A79E89B0F}
		{68BA53E6-4809-B114-4424-FF122211FC13} = {63AA9AAB-A656-1CF3-9581-3ACB26B9EF2F}
		{5FB3B319-9A48-4935-971F-61F2F01595B1} = {68BA53E6-4809-B114-4424-FF122211FC13}
		{9271A3A2-7E00-7326-6CD0-84E8F0DB4082} = {63AA9AAB-A656-1CF3-9581-3ACB26B9EF2F}
		{9101BEA1-EC1F-4993-8967-8805B09CB8E3} = {9271A3A2-7E00-7326-6CD0-84E8F0DB4082}
		{32DA9B43-B183-62BA-94C3-C242122C5BAA} = {63AA9AAB-A656-1CF3-9581-3ACB26B9EF2F}
		{A50F8A4F-0149-440E-9068-1CBBD85D6878} = {32DA9B43-B183-62BA-94C3-C242122C5BAA}
		{6FBF8149-49CD-4D4E-9A76-003D8551112C} = {7A4E244E-49DD-CBCA-F1BE-F965FBA7A743}
	EndGlobalSection
EndGlobal
